
Microsoft Visual Studio Solution File, Format Version 12.00
# Visual Studio Version 17
VisualStudioVersion = 17.14.36109.1 d17.14
MinimumVisualStudioVersion = 10.0.40219.1
Project("{FAE04EC0-301F-11D3-BF4B-00C04F79EFBC}") = "ACMS_Web_Service", "ACMS_Web_Service\ACMS_Web_Service.csproj", "{6D4C7065-251D-8ED8-964B-B24B5225CDEF}"
EndProject
Global
	GlobalSection(SolutionConfigurationPlatforms) = preSolution
		Debug|Any CPU = Debug|Any CPU
		Release|Any CPU = Release|Any CPU
	EndGlobalSection
	GlobalSection(ProjectConfigurationPlatforms) = postSolution
		{6D4C7065-251D-8ED8-964B-B24B5225CDEF}.Debug|Any CPU.ActiveCfg = Debug|Any CPU
		{6D4C7065-251D-8ED8-964B-B24B5225CDEF}.Debug|Any CPU.Build.0 = Debug|Any CPU
		{6D4C7065-251D-8ED8-964B-B24B5225CDEF}.Release|Any CPU.ActiveCfg = Release|Any CPU
		{6D4C7065-251D-8ED8-964B-B24B5225CDEF}.Release|Any CPU.Build.0 = Release|Any CPU
	EndGlobalSection
	GlobalSection(SolutionProperties) = preSolution
		HideSolutionNode = FALSE
	EndGlobalSection
	GlobalSection(ExtensibilityGlobals) = postSolution
		SolutionGuid = {57005F3C-A81C-4516-89E8-12E356841124}
	EndGlobalSection
EndGlobal
